{
    "requires": true,
    "lockfileVersion": 1,
    "dependencies": {
        "async-validator": {
            "version": "1.8.5",
            "resolved": "https://registry.npmjs.org/async-validator/-/async-validator-1.8.5.tgz",
            "integrity": "sha512-tXBM+1m056MAX0E8TL2iCjg8WvSyXu0Zc8LNtYqrVeyoL3+esHRZ4SieE9fKQyyU09uONjnMEjrNBMqT0mbvmA==",
            "requires": {
                "babel-runtime": "6.x"
            }
        },
        "babel-helper-vue-jsx-merge-props": {
            "version": "2.0.3",
            "resolved": "https://registry.npmjs.org/babel-helper-vue-jsx-merge-props/-/babel-helper-vue-jsx-merge-props-2.0.3.tgz",
            "integrity": "sha512-gsLiKK7Qrb7zYJNgiXKpXblxbV5ffSwR0f5whkPAaBAR4fhi6bwRZxX9wBlIc5M/v8CCkXUbXZL4N/nSE97cqg=="
        },
        "babel-runtime": {
            "version": "6.26.0",
            "resolved": "https://registry.npmjs.org/babel-runtime/-/babel-runtime-6.26.0.tgz",
            "integrity": "sha1-llxwWGaOgrVde/4E/yM3vItWR/4=",
            "requires": {
                "core-js": "^2.4.0",
                "regenerator-runtime": "^0.11.0"
            }
        },
        "batch-processor": {
            "version": "1.0.0",
            "resolved": "https://registry.npm.taobao.org/batch-processor/download/batch-processor-1.0.0.tgz",
            "integrity": "sha1-dclcMrdI4IUNEMKxaPa9vpiRrOg="
        },
        "core-js": {
            "version": "2.6.11",
            "resolved": "https://registry.npmjs.org/core-js/-/core-js-2.6.11.tgz",
            "integrity": "sha512-5wjnpaT/3dV+XB4borEsnAYQchn00XSgTAWKDkEqv+K8KevjbzmofK6hfJ9TZIlpj2N0xQpazy7PiRQiWHqzWg=="
        },
        "deepmerge": {
            "version": "1.5.2",
            "resolved": "https://registry.npmjs.org/deepmerge/-/deepmerge-1.5.2.tgz",
            "integrity": "sha512-95k0GDqvBjZavkuvzx/YqVLv/6YYa17fz6ILMSf7neqQITCPbnfEnQvEgMPNjH4kgobe7+WIL0yJEHku+H3qtQ=="
        },
        "element-resize-detector": {
            "version": "1.2.1",
            "resolved": "https://registry.npm.taobao.org/element-resize-detector/download/element-resize-detector-1.2.1.tgz",
            "integrity": "sha1-sDBRlER6SGMVXljxMyOgrvMIUdE=",
            "requires": {
                "batch-processor": "1.0.0"
            }
        },
        "element-ui": {
            "version": "2.13.2",
            "resolved": "https://registry.npmjs.org/element-ui/-/element-ui-2.13.2.tgz",
            "integrity": "sha512-r761DRPssMPKDiJZWFlG+4e4vr0cRG/atKr3Eqr8Xi0tQMNbtmYU1QXvFnKiFPFFGkgJ6zS6ASkG+sellcoHlQ==",
            "requires": {
                "async-validator": "~1.8.1",
                "babel-helper-vue-jsx-merge-props": "^2.0.0",
                "deepmerge": "^1.2.0",
                "normalize-wheel": "^1.0.1",
                "resize-observer-polyfill": "^1.5.0",
                "throttle-debounce": "^1.0.1"
            }
        },
        "js-calendar": {
            "version": "1.2.3",
            "resolved": "https://registry.npm.taobao.org/js-calendar/download/js-calendar-1.2.3.tgz",
            "integrity": "sha1-pYOwZEtOaVujlPNE0QPbzHp6fT4="
        },
        "lodash.throttle": {
            "version": "4.1.1",
            "resolved": "https://registry.npm.taobao.org/lodash.throttle/download/lodash.throttle-4.1.1.tgz",
            "integrity": "sha1-wj6RtxAkKscMN/HhzaknTMOb8vQ="
        },
        "normalize-wheel": {
            "version": "1.0.1",
            "resolved": "https://registry.npmjs.org/normalize-wheel/-/normalize-wheel-1.0.1.tgz",
            "integrity": "sha1-rsiGr/2wRQcNhWRH32Ls+GFG7EU="
        },
        "popper.js": {
            "version": "1.16.1",
            "resolved": "https://registry.npm.taobao.org/popper.js/download/popper.js-1.16.1.tgz",
            "integrity": "sha1-KiI8s9x7YhPXQOQDcr5A3kPmWxs="
        },
        "regenerator-runtime": {
            "version": "0.11.1",
            "resolved": "https://registry.npmjs.org/regenerator-runtime/-/regenerator-runtime-0.11.1.tgz",
            "integrity": "sha512-MguG95oij0fC3QV3URf4V2SDYGJhJnJGqvIIgdECeODCT98wSWDAJ94SSuVpYQUoTcGUIL6L4yNB7j1DFFHSBg=="
        },
        "resize-observer-polyfill": {
            "version": "1.5.1",
            "resolved": "https://registry.npmjs.org/resize-observer-polyfill/-/resize-observer-polyfill-1.5.1.tgz",
            "integrity": "sha512-LwZrotdHOo12nQuZlHEmtuXdqGoOD0OhaxopaNFxWzInpEgaLWoVuAMbTzixuosCx2nEG58ngzW3vxdWoxIgdg=="
        },
        "throttle-debounce": {
            "version": "1.1.0",
            "resolved": "https://registry.npmjs.org/throttle-debounce/-/throttle-debounce-1.1.0.tgz",
            "integrity": "sha512-XH8UiPCQcWNuk2LYePibW/4qL97+ZQ1AN3FNXwZRBNPPowo/NRU5fAlDCSNBJIYCKbioZfuYtMhG4quqoJhVzg=="
        },
        "tinycolor2": {
            "version": "1.4.1",
            "resolved": "https://registry.npm.taobao.org/tinycolor2/download/tinycolor2-1.4.1.tgz",
            "integrity": "sha1-9PrTM0R7wLB9TcjpIJ2POaisd+g="
        },
        "v-click-outside-x": {
            "version": "3.7.1",
            "resolved": "https://registry.npm.taobao.org/v-click-outside-x/download/v-click-outside-x-3.7.1.tgz",
            "integrity": "sha1-qgPqoOQeRMtSB9z4bC2fDdZAhME="
        },
        "view-design": {
            "version": "4.3.2",
            "resolved": "https://registry.npm.taobao.org/view-design/download/view-design-4.3.2.tgz?cache=0&sync_timestamp=1594604683660&other_urls=https%3A%2F%2Fregistry.npm.taobao.org%2Fview-design%2Fdownload%2Fview-design-4.3.2.tgz",
            "integrity": "sha1-bwgcZzt3QgObs4o6UZOO+rtg0KI=",
            "requires": {
                "async-validator": "^3.3.0",
                "deepmerge": "^2.2.1",
                "element-resize-detector": "^1.2.0",
                "js-calendar": "^1.2.3",
                "lodash.throttle": "^4.1.1",
                "popper.js": "^1.14.6",
                "tinycolor2": "^1.4.1",
                "v-click-outside-x": "^3.7.1"
            },
            "dependencies": {
                "async-validator": {
                    "version": "3.3.0",
                    "resolved": "https://registry.npm.taobao.org/async-validator/download/async-validator-3.3.0.tgz",
                    "integrity": "sha1-HZIZO75g1tbIskZpLHAF6e0UqO4="
                },
                "deepmerge": {
                    "version": "2.2.1",
                    "resolved": "https://registry.npm.taobao.org/deepmerge/download/deepmerge-2.2.1.tgz",
                    "integrity": "sha1-XT/yKgHAD2RUBaL7wX0HeKGAEXA="
                }
            }
        }
    }
}
